{
  "nodes": {
    "asciitext-master": {
      "inputs": {
        "flakeNimbleLib": [
          "flakeNimbleLib"
        ],
        "nixpkgs": [
          "nixpkgs"
        ],
        "src-asciitext-master": "src-asciitext-master"
      },
      "locked": {
        "dir": "master",
        "lastModified": 1662254344,
        "narHash": "sha256-3MWV1jJ12CjqMKw0RcR5LWOom8Q9Zexa1p1lgA0B4zM=",
        "owner": "nim-nix-pkgs",
        "repo": "asciitext",
        "rev": "49ee4cff113a539a31c6d1aed460b458bd7e0c83",
        "type": "github"
      },
      "original": {
        "dir": "master",
        "owner": "nim-nix-pkgs",
        "ref": "master",
        "repo": "asciitext",
        "type": "github"
      }
    },
    "flakeNimbleLib": {
      "inputs": {
        "nixpkgs": [
          "nixpkgs"
        ]
      },
      "locked": {
        "lastModified": 1662018438,
        "narHash": "sha256-QtNtU6+LX3Wokxf0zlFwKTFOcn6TeDjKQZ+DA9OYtvM=",
        "owner": "riinr",
        "repo": "nim-flakes-lib",
        "rev": "b1fe8340736e3a85d25c709ac3dfd82a55c03cbf",
        "type": "github"
      },
      "original": {
        "owner": "riinr",
        "ref": "master",
        "repo": "nim-flakes-lib",
        "type": "github"
      }
    },
    "nixpkgs": {
      "locked": {
        "lastModified": 1667110639,
        "narHash": "sha256-4FbPESZ5LbqQxkJJJBAfk/zKgF9h/4kyUwjjpJwYlbc=",
        "owner": "NixOS",
        "repo": "nixpkgs",
        "rev": "f38a1f04d1bec1feb61fd101a0539ae2002a7087",
        "type": "github"
      },
      "original": {
        "id": "nixpkgs",
        "type": "indirect"
      }
    },
    "root": {
      "inputs": {
        "asciitext-master": "asciitext-master",
        "flakeNimbleLib": "flakeNimbleLib",
        "nixpkgs": "nixpkgs"
      }
    },
    "src-asciitext-master": {
      "flake": false,
      "locked": {
        "lastModified": 1600422188,
        "narHash": "sha256-luBMK24umTXCk4mN/txwgU1SuO4kmrPLHtsvjGuTyOc=",
        "owner": "Himujjal",
        "repo": "asciitextNim",
        "rev": "2e806ac690e4a746db01de779804521e718642d7",
        "type": "github"
      },
      "original": {
        "owner": "Himujjal",
        "ref": "refs/heads/master",
        "repo": "asciitextNim",
        "type": "github"
      }
    }
  },
  "root": "root",
  "version": 7
}
